{
  "requires": true,
  "lockfileVersion": 1,
  "dependencies": {
    "@glidejs/glide": {
      "version": "3.3.0",
      "resolved": "https://registry.npmjs.org/@glidejs/glide/-/glide-3.3.0.tgz",
      "integrity": "sha512-8rs4yGHRlCOvubBM7RyB4sijzl0q5ST7Yvv9frSb8xIRWdztoY7lP/uMMc9GBEM0up5MvxIYWOXig1b5gT/j2A=="
    }
  }
}
